
Microsoft Visual Studio Solution File, Format Version 12.00
# Visual Studio Version 16
VisualStudioVersion = 16.0.29009.5
MinimumVisualStudioVersion = 10.0.40219.1
Project("{FAE04EC0-301F-11D3-BF4B-00C04F79EFBC}") = "BlogProgWeb", "BlogProgWeb.csproj", "{795A96C0-E5B1-46EB-B9D0-92A07F86EE7B}"
EndProject
Global
	GlobalSection(SolutionConfigurationPlatforms) = preSolution
		Debug|Any CPU = Debug|Any CPU
		Release|Any CPU = Release|Any CPU
	EndGlobalSection
	GlobalSection(ProjectConfigurationPlatforms) = postSolution
		{795A96C0-E5B1-46EB-B9D0-92A07F86EE7B}.Debug|Any CPU.ActiveCfg = Debug|Any CPU
		{795A96C0-E5B1-46EB-B9D0-92A07F86EE7B}.Debug|Any CPU.Build.0 = Debug|Any CPU
		{795A96C0-E5B1-46EB-B9D0-92A07F86EE7B}.Release|Any CPU.ActiveCfg = Release|Any CPU
		{795A96C0-E5B1-46EB-B9D0-92A07F86EE7B}.Release|Any CPU.Build.0 = Release|Any CPU
	EndGlobalSection
	GlobalSection(SolutionProperties) = preSolution
		HideSolutionNode = FALSE
	EndGlobalSection
	GlobalSection(ExtensibilityGlobals) = postSolution
		SolutionGuid = {8BC17AF5-D3CF-45A6-8AA2-75115C546D5E}
	EndGlobalSection
EndGlobal
